
Microsoft Visual Studio Solution File, Format Version 12.00
# Visual Studio 15
VisualStudioVersion = 15.0.28306.52
MinimumVisualStudioVersion = 10.0.40219.1
Project("{F184B08F-C81C-45F6-A57F-5ABD9991F28F}") = "Programming Assignment2", "Programming Assignment2\Programming Assignment2.vbproj", "{26E9BB1F-8079-4B9A-90FC-2B5A53F24CDD}"
EndProject
Global
	GlobalSection(SolutionConfigurationPlatforms) = preSolution
		Debug|Any CPU = Debug|Any CPU
		Release|Any CPU = Release|Any CPU
	EndGlobalSection
	GlobalSection(ProjectConfigurationPlatforms) = postSolution
		{26E9BB1F-8079-4B9A-90FC-2B5A53F24CDD}.Debug|Any CPU.ActiveCfg = Debug|Any CPU
		{26E9BB1F-8079-4B9A-90FC-2B5A53F24CDD}.Debug|Any CPU.Build.0 = Debug|Any CPU
		{26E9BB1F-8079-4B9A-90FC-2B5A53F24CDD}.Release|Any CPU.ActiveCfg = Release|Any CPU
		{26E9BB1F-8079-4B9A-90FC-2B5A53F24CDD}.Release|Any CPU.Build.0 = Release|Any CPU
	EndGlobalSection
	GlobalSection(SolutionProperties) = preSolution
		HideSolutionNode = FALSE
	EndGlobalSection
	GlobalSection(ExtensibilityGlobals) = postSolution
		SolutionGuid = {48C1FDB9-A712-4ABF-A95B-C6754AF97A87}
	EndGlobalSection
EndGlobal
